// !$*UTF8*$!
{
	archiveVersion = 1;
	classes = {
	};
	objectVersion = 46;
	objects = {

/* Begin PBXBuildFile section */
		69353E731EF444C50015C693 /* AppDelegate.swift in Sources */ = {isa = PBXBuildFile; fileRef = 69353E721EF444C50015C693 /* AppDelegate.swift */; };
		69353E751EF444C50015C693 /* GameScene.sks in Resources */ = {isa = PBXBuildFile; fileRef = 69353E741EF444C50015C693 /* GameScene.sks */; };
		69353E771EF444C50015C693 /* Actions.sks in Resources */ = {isa = PBXBuildFile; fileRef = 69353E761EF444C50015C693 /* Actions.sks */; };
		69353E791EF444C50015C693 /* GameScene.swift in Sources */ = {isa = PBXBuildFile; fileRef = 69353E781EF444C50015C693 /* GameScene.swift */; };
		69353E7B1EF444C50015C693 /* GameViewController.swift in Sources */ = {isa = PBXBuildFile; fileRef = 69353E7A1EF444C50015C693 /* GameViewController.swift */; };
		69353E7E1EF444C50015C693 /* Main.storyboard in Resources */ = {isa = PBXBuildFile; fileRef = 69353E7C1EF444C50015C693 /* Main.storyboard */; };
		69353E801EF444C50015C693 /* Assets.xcassets in Resources */ = {isa = PBXBuildFile; fileRef = 69353E7F1EF444C50015C693 /* Assets.xcassets */; };
		69353E831EF444C50015C693 /* LaunchScreen.storyboard in Resources */ = {isa = PBXBuildFile; fileRef = 69353E811EF444C50015C693 /* LaunchScreen.storyboard */; };
/* End PBXBuildFile section */

/* Begin PBXFileReference section */
		69353E6F1EF444C50015C693 /* Whack_A_Penguin.app */ = {isa = PBXFileReference; explicitFileType = wrapper.application; includeInIndex = 0; path = Whack_A_Penguin.app; sourceTree = BUILT_PRODUCTS_DIR; };
		69353E721EF444C50015C693 /* AppDelegate.swift */ = {isa = PBXFileReference; lastKnownFileType = sourcecode.swift; path = AppDelegate.swift; sourceTree = "<group>"; };
		69353E741EF444C50015C693 /* GameScene.sks */ = {isa = PBXFileReference; lastKnownFileType = file.sks; path = GameScene.sks; sourceTree = "<group>"; };
		69353E761EF444C50015C693 /* Actions.sks */ = {isa = PBXFileReference; lastKnownFileType = file.sks; path = Actions.sks; sourceTree = "<group>"; };
		69353E781EF444C50015C693 /* GameScene.swift */ = {isa = PBXFileReference; lastKnownFileType = sourcecode.swift; path = GameScene.swift; sourceTree = "<group>"; };
		69353E7A1EF444C50015C693 /* GameViewController.swift */ = {isa = PBXFileReference; lastKnownFileType = sourcecode.swift; path = GameViewController.swift; sourceTree = "<group>"; };
		69353E7D1EF444C50015C693 /* Base */ = {isa = PBXFileReference; lastKnownFileType = file.storyboard; name = Base; path = Base.lproj/Main.storyboard; sourceTree = "<group>"; };
		69353E7F1EF444C50015C693 /* Assets.xcassets */ = {isa = PBXFileReference; lastKnownFileType = folder.assetcatalog; path = Assets.xcassets; sourceTree = "<group>"; };
		69353E821EF444C50015C693 /* Base */ = {isa = PBXFileReference; lastKnownFileType = file.storyboard; name = Base; path = Base.lproj/LaunchScreen.storyboard; sourceTree = "<group>"; };
		69353E841EF444C50015C693 /* Info.plist */ = {isa = PBXFileReference; lastKnownFileType = text.plist.xml; path = Info.plist; sourceTree = "<group>"; };
/* End PBXFileReference section */

/* Begin PBXFrameworksBuildPhase section */
		69353E6C1EF444C50015C693 /* Frameworks */ = {
			isa = PBXFrameworksBuildPhase;
			buildActionMask = 2147483647;
			files = (
			);
			runOnlyForDeploymentPostprocessing = 0;
		};
/* End PBXFrameworksBuildPhase section */

/* Begin PBXGroup section */
		69353E661EF444C50015C693 = {
			isa = PBXGroup;
			children = (
				69353E711EF444C50015C693 /* Whack_A_Penguin */,
				69353E701EF444C50015C693 /* Products */,
			);
			sourceTree = "<group>";
		};
		69353E701EF444C50015C693 /* Products */ = {
			isa = PBXGroup;
			children = (
				69353E6F1EF444C50015C693 /* Whack_A_Penguin.app */,
			);
			name = Products;
			sourceTree = "<group>";
		};
		69353E711EF444C50015C693 /* Whack_A_Penguin */ = {
			isa = PBXGroup;
			children = (
				69353E721EF444C50015C693 /* AppDelegate.swift */,
				69353E741EF444C50015C693 /* GameScene.sks */,
				69353E761EF444C50015C693 /* Actions.sks */,
				69353E781EF444C50015C693 /* GameScene.swift */,
				69353E7A1EF444C50015C693 /* GameViewController.swift */,
				69353E7C1EF444C50015C693 /* Main.storyboard */,
				69353E7F1EF444C50015C693 /* Assets.xcassets */,
				69353E811EF444C50015C693 /* LaunchScreen.storyboard */,
				69353E841EF444C50015C693 /* Info.plist */,
			);
			path = Whack_A_Penguin;
			sourceTree = "<group>";
		};
/* End PBXGroup section */

/* Begin PBXNativeTarget section */
		69353E6E1EF444C50015C693 /* Whack_A_Penguin */ = {
			isa = PBXNativeTarget;
			buildConfigurationList = 69353E871EF444C50015C693 /* Build configuration list for PBXNativeTarget "Whack_A_Penguin" */;
			buildPhases = (
				69353E6B1EF444C50015C693 /* Sources */,
				69353E6C1EF444C50015C693 /* Frameworks */,
				69353E6D1EF444C50015C693 /* Resources */,
			);
			buildRules = (
			);
			dependencies = (
			);
			name = Whack_A_Penguin;
			productName = Whack_A_Penguin;
			productReference = 69353E6F1EF444C50015C693 /* Whack_A_Penguin.app */;
			productType = "com.apple.product-type.application";
		};
/* End PBXNativeTarget section */

/* Begin PBXProject section */
		69353E671EF444C50015C693 /* Project object */ = {
			isa = PBXProject;
			attributes = {
				LastSwiftUpdateCheck = 0830;
				LastUpgradeCheck = 0830;
				ORGANIZATIONNAME = TeevoCo;
				TargetAttributes = {
					69353E6E1EF444C50015C693 = {
						CreatedOnToolsVersion = 8.3;
						DevelopmentTeam = B676NWYQK9;
						ProvisioningStyle = Automatic;
					};
				};
			};
			buildConfigurationList = 69353E6A1EF444C50015C693 /* Build configuration list for PBXProject "Whack_A_Penguin" */;
			compatibilityVersion = "Xcode 3.2";
			developmentRegion = English;
			hasScannedForEncodings = 0;
			knownRegions = (
				en,
				Base,
			);
			mainGroup = 69353E661EF444C50015C693;
			productRefGroup = 69353E701EF444C50015C693 /* Products */;
			projectDirPath = "";
			projectRoot = "";
			targets = (
				69353E6E1EF444C50015C693 /* Whack_A_Penguin */,
			);
		};
/* End PBXProject section */

/* Begin PBXResourcesBuildPhase section */
		69353E6D1EF444C50015C693 /* Resources */ = {
			isa = PBXResourcesBuildPhase;
			buildActionMask = 2147483647;
			files = (
				69353E7E1EF444C50015C693 /* Main.storyboard in Resources */,
				69353E751EF444C50015C693 /* GameScene.sks in Resources */,
				69353E801EF444C50015C693 /* Assets.xcassets in Resources */,
				69353E831EF444C50015C693 /* LaunchScreen.storyboard in Resources */,
				69353E771EF444C50015C693 /* Actions.sks in Resources */,
			);
			runOnlyForDeploymentPostprocessing = 0;
		};
/* End PBXResourcesBuildPhase section */

/* Begin PBXSourcesBuildPhase section */
		69353E6B1EF444C50015C693 /* Sources */ = {
			isa = PBXSourcesBuildPhase;
			buildActionMask = 2147483647;
			files = (
				69353E791EF444C50015C693 /* GameScene.swift in Sources */,
				69353E7B1EF444C50015C693 /* GameViewController.swift in Sources */,
				69353E731EF444C50015C693 /* AppDelegate.swift in Sources */,
			);
			runOnlyForDeploymentPostprocessing = 0;
		};
/* End PBXSourcesBuildPhase section */

/* Begin PBXVariantGroup section */
		69353E7C1EF444C50015C693 /* Main.storyboard */ = {
			isa = PBXVariantGroup;
			children = (
				69353E7D1EF444C50015C693 /* Base */,
			);
			name = Main.storyboard;
			sourceTree = "<group>";
		};
		69353E811EF444C50015C693 /* LaunchScreen.storyboard */ = {
			isa = PBXVariantGroup;
			children = (
				69353E821EF444C50015C693 /* Base */,
			);
			name = LaunchScreen.storyboard;
			sourceTree = "<group>";
		};
/* End PBXVariantGroup section */

/* Begin XCBuildConfiguration section */
		69353E851EF444C50015C693 /* Debug */ = {
			isa = XCBuildConfiguration;
			buildSettings = {
				ALWAYS_SEARCH_USER_PATHS = NO;
				CLANG_ANALYZER_NONNULL = YES;
				CLANG_ANALYZER_NUMBER_OBJECT_CONVERSION = YES_AGGRESSIVE;
				CLANG_CXX_LANGUAGE_STANDARD = "gnu++0x";
				CLANG_CXX_LIBRARY = "libc++";
				CLANG_ENABLE_MODULES = YES;
				CLANG_ENABLE_OBJC_ARC = YES;
				CLANG_WARN_BOOL_CONVERSION = YES;
				CLANG_WARN_CONSTANT_CONVERSION = YES;
				CLANG_WARN_DIRECT_OBJC_ISA_USAGE = YES_ERROR;
				CLANG_WARN_DOCUMENTATION_COMMENTS = YES;
				CLANG_WARN_EMPTY_BODY = YES;
				CLANG_WARN_ENUM_CONVERSION = YES;
				CLANG_WARN_INFINITE_RECURSION = YES;
				CLANG_WARN_INT_CONVERSION = YES;
				CLANG_WARN_OBJC_ROOT_CLASS = YES_ERROR;
				CLANG_WARN_SUSPICIOUS_MOVE = YES;
				CLANG_WARN_UNREACHABLE_CODE = YES;
				CLANG_WARN__DUPLICATE_METHOD_MATCH = YES;
				"CODE_SIGN_IDENTITY[sdk=iphoneos*]" = "iPhone Developer";
				COPY_PHASE_STRIP = NO;
				DEBUG_INFORMATION_FORMAT = dwarf;
				ENABLE_STRICT_OBJC_MSGSEND = YES;
				ENABLE_TESTABILITY = YES;
				GCC_C_LANGUAGE_STANDARD = gnu99;
				GCC_DYNAMIC_NO_PIC = NO;
				GCC_NO_COMMON_BLOCKS = YES;
				GCC_OPTIMIZATION_LEVEL = 0;
				GCC_PREPROCESSOR_DEFINITIONS = (
					"DEBUG=1",
					"$(inherited)",
				);
				GCC_WARN_64_TO_32_BIT_CONVERSION = YES;
				GCC_WARN_ABOUT_RETURN_TYPE = YES_ERROR;
				GCC_WARN_UNDECLARED_SELECTOR = YES;
				GCC_WARN_UNINITIALIZED_AUTOS = YES_AGGRESSIVE;
				GCC_WARN_UNUSED_FUNCTION = YES;
				GCC_WARN_UNUSED_VARIABLE = YES;
				IPHONEOS_DEPLOYMENT_TARGET = 10.3;
				MTL_ENABLE_DEBUG_INFO = YES;
				ONLY_ACTIVE_ARCH = YES;
				SDKROOT = iphoneos;
				SWIFT_ACTIVE_COMPILATION_CONDITIONS = DEBUG;
				SWIFT_OPTIMIZATION_LEVEL = "-Onone";
				TARGETED_DEVICE_FAMILY = 2;
			};
			name = Debug;
		};
		69353E861EF444C50015C693 /* Release */ = {
			isa = XCBuildConfiguration;
			buildSettings = {
				ALWAYS_SEARCH_USER_PATHS = NO;
				CLANG_ANALYZER_NONNULL = YES;
				CLANG_ANALYZER_NUMBER_OBJECT_CONVERSION = YES_AGGRESSIVE;
				CLANG_CXX_LANGUAGE_STANDARD = "gnu++0x";
				CLANG_CXX_LIBRARY = "libc++";
				CLANG_ENABLE_MODULES = YES;
				CLANG_ENABLE_OBJC_ARC = YES;
				CLANG_WARN_BOOL_CONVERSION = YES;
				CLANG_WARN_CONSTANT_CONVERSION = YES;
				CLANG_WARN_DIRECT_OBJC_ISA_USAGE = YES_ERROR;
				CLANG_WARN_DOCUMENTATION_COMMENTS = YES;
				CLANG_WARN_EMPTY_BODY = YES;
				CLANG_WARN_ENUM_CONVERSION = YES;
				CLANG_WARN_INFINITE_RECURSION = YES;
				CLANG_WARN_INT_CONVERSION = YES;
				CLANG_WARN_OBJC_ROOT_CLASS = YES_ERROR;
				CLANG_WARN_SUSPICIOUS_MOVE = YES;
				CLANG_WARN_UNREACHABLE_CODE = YES;
				CLANG_WARN__DUPLICATE_METHOD_MATCH = YES;
				"CODE_SIGN_IDENTITY[sdk=iphoneos*]" = "iPhone Developer";
				COPY_PHASE_STRIP = NO;
				DEBUG_INFORMATION_FORMAT = "dwarf-with-dsym";
				ENABLE_NS_ASSERTIONS = NO;
				ENABLE_STRICT_OBJC_MSGSEND = YES;
				GCC_C_LANGUAGE_STANDARD = gnu99;
				GCC_NO_COMMON_BLOCKS = YES;
				GCC_WARN_64_TO_32_BIT_CONVERSION = YES;
				GCC_WARN_ABOUT_RETURN_TYPE = YES_ERROR;
				GCC_WARN_UNDECLARED_SELECTOR = YES;
				GCC_WARN_UNINITIALIZED_AUTOS = YES_AGGRESSIVE;
				GCC_WARN_UNUSED_FUNCTION = YES;
				GCC_WARN_UNUSED_VARIABLE = YES;
				IPHONEOS_DEPLOYMENT_TARGET = 10.3;
				MTL_ENABLE_DEBUG_INFO = NO;
				SDKROOT = iphoneos;
				SWIFT_OPTIMIZATION_LEVEL = "-Owholemodule";
				TARGETED_DEVICE_FAMILY = 2;
				VALIDATE_PRODUCT = YES;
			};
			name = Release;
		};
		69353E881EF444C50015C693 /* Debug */ = {
			isa = XCBuildConfiguration;
			buildSettings = {
				ASSETCATALOG_COMPILER_APPICON_NAME = AppIcon;
				DEVELOPMENT_TEAM = B676NWYQK9;
				INFOPLIST_FILE = Whack_A_Penguin/Info.plist;
				LD_RUNPATH_SEARCH_PATHS = "$(inherited) @executable_path/Frameworks";
				PRODUCT_BUNDLE_IDENTIFIER = "TMac.Whack-A-Penguin";
				PRODUCT_NAME = "$(TARGET_NAME)";
				SWIFT_VERSION = 3.0;
			};
			name = Debug;
		};
		69353E891EF444C50015C693 /* Release */ = {
			isa = XCBuildConfiguration;
			buildSettings = {
				ASSETCATALOG_COMPILER_APPICON_NAME = AppIcon;
				DEVELOPMENT_TEAM = B676NWYQK9;
				INFOPLIST_FILE = Whack_A_Penguin/Info.plist;
				LD_RUNPATH_SEARCH_PATHS = "$(inherited) @executable_path/Frameworks";
				PRODUCT_BUNDLE_IDENTIFIER = "TMac.Whack-A-Penguin";
				PRODUCT_NAME = "$(TARGET_NAME)";
				SWIFT_VERSION = 3.0;
			};
			name = Release;
		};
/* End XCBuildConfiguration section */

/* Begin XCConfigurationList section */
		69353E6A1EF444C50015C693 /* Build configuration list for PBXProject "Whack_A_Penguin" */ = {
			isa = XCConfigurationList;
			buildConfigurations = (
				69353E851EF444C50015C693 /* Debug */,
				69353E861EF444C50015C693 /* Release */,
			);
			defaultConfigurationIsVisible = 0;
			defaultConfigurationName = Release;
		};
		69353E871EF444C50015C693 /* Build configuration list for PBXNativeTarget "Whack_A_Penguin" */ = {
			isa = XCConfigurationList;
			buildConfigurations = (
				69353E881EF444C50015C693 /* Debug */,
				69353E891EF444C50015C693 /* Release */,
			);
			defaultConfigurationIsVisible = 0;
		};
/* End XCConfigurationList section */
	};
	rootObject = 69353E671EF444C50015C693 /* Project object */;
}
